
Microsoft Visual Studio Solution File, Format Version 12.00
# Visual Studio Version 17
VisualStudioVersion = 17.0.31912.275
MinimumVisualStudioVersion = 10.0.40219.1
Project("{FAE04EC0-301F-11D3-BF4B-00C04F79EFBC}") = "KataCompte", "KataCompte.csproj", "{622117E5-887F-4E82-BF00-26A40EBBB0E7}"
EndProject
Global
	GlobalSection(SolutionConfigurationPlatforms) = preSolution
		Debug|Any CPU = Debug|Any CPU
		Release|Any CPU = Release|Any CPU
	EndGlobalSection
	GlobalSection(ProjectConfigurationPlatforms) = postSolution
		{622117E5-887F-4E82-BF00-26A40EBBB0E7}.Debug|Any CPU.ActiveCfg = Debug|Any CPU
		{622117E5-887F-4E82-BF00-26A40EBBB0E7}.Debug|Any CPU.Build.0 = Debug|Any CPU
		{622117E5-887F-4E82-BF00-26A40EBBB0E7}.Release|Any CPU.ActiveCfg = Release|Any CPU
		{622117E5-887F-4E82-BF00-26A40EBBB0E7}.Release|Any CPU.Build.0 = Release|Any CPU
	EndGlobalSection
	GlobalSection(SolutionProperties) = preSolution
		HideSolutionNode = FALSE
	EndGlobalSection
	GlobalSection(ExtensibilityGlobals) = postSolution
		SolutionGuid = {5AFA2522-F2E9-42E5-98C4-E58615115DC3}
	EndGlobalSection
EndGlobal
